%{
  "bunt": {:hex, :bunt, "0.1.6", "5d95a6882f73f3b9969fdfd1953798046664e6f77ec4e486e6fafc7caad97c6f", [:mix], [], "hexpm", "4fb7b2f7b04af13cf210b132f8d10db52d4a57d36cb974e8025d7fdb12ca97fc"},
  "certifi": {:hex, :certifi, "0.4.0", "a7966efb868b179023618d29a407548f70c52466bf1849b9e8ebd0e34b7ea11f", [:rebar3], [], "hexpm", "1cc233bee2d6990e7b0ff4c5824d7f401edda8a3cfad04d3328e35ad97de7611"},
  "coherence": {:hex, :coherence, "0.2.0", "74ddbbbe11a29d00a93e40e62e1dab8a0c05262567aedcb75768cfcf063b3205", [:mix], [{:comeonin, "~> 2.4", [hex: :comeonin, repo: "hexpm", optional: false]}, {:ecto, "~> 2.0", [hex: :ecto, repo: "hexpm", optional: false]}, {:gettext, "~> 0.9", [hex: :gettext, repo: "hexpm", optional: false]}, {:phoenix, "~> 1.1", [hex: :phoenix, repo: "hexpm", optional: false]}, {:phoenix_html, "~> 2.4", [hex: :phoenix_html, repo: "hexpm", optional: false]}, {:phoenix_swoosh, "~> 0.1.3", [hex: :phoenix_swoosh, repo: "hexpm", optional: false]}, {:phoenix_timex, "~> 1.0.0", [hex: :phoenix_timex, repo: "hexpm", optional: false]}, {:timex_ecto, "~> 1.1", [hex: :timex_ecto, repo: "hexpm", optional: false]}, {:uuid, "~> 1.0", [hex: :uuid, repo: "hexpm", optional: false]}], "hexpm", "63d0ec9ebe5d160b33aa67d77d258bf36e32ae0a2dbd4c7e807ab0df72460cc0"},
  "combine": {:hex, :combine, "0.9.1", "5fd778ee77032ae593bf79aedb8519d9e36283e4f869abd98c2d6029ca476db8", [:mix], [], "hexpm", "429ee96459d0862491d11b0f229815f04fdb83b1d6b03099a510852121b50db3"},
  "comeonin": {:hex, :comeonin, "2.5.2", "bbad773af30a7632a63053014d5cfebf6df2c1ad114167b4db02f05b5c60901b", [:make, :mix], [], "hexpm", "fca5422ae6178ca51cf42e1502e933bcce4e32cfd13e13e77051594e629b7bdb"},
  "connection": {:hex, :connection, "1.0.4", "a1cae72211f0eef17705aaededacac3eb30e6625b04a6117c1b2db6ace7d5976", [:mix], [], "hexpm", "4a0850c9be22a43af9920a71ab17c051f5f7d45c209e40269a1938832510e4d9"},
  "cowboy": {:hex, :cowboy, "1.0.4", "a324a8df9f2316c833a470d918aaf73ae894278b8aa6226ce7a9bf699388f878", [:make, :rebar], [{:cowlib, "~> 1.0.0", [hex: :cowlib, repo: "hexpm", optional: false]}, {:ranch, "~> 1.0", [hex: :ranch, repo: "hexpm", optional: false]}], "hexpm", "6a0edee96885fae3a8dd0ac1f333538a42e807db638a9453064ccfdaa6b9fdac"},
  "cowlib": {:hex, :cowlib, "1.0.2", "9d769a1d062c9c3ac753096f868ca121e2730b9a377de23dec0f7e08b1df84ee", [:make], [], "hexpm", "db622da03aa039e6366ab953e31186cc8190d32905e33788a1acb22744e6abd2"},
  "credo": {:hex, :credo, "0.4.11", "03a64e9d53309b7132556284dda0be57ba1013885725124cfea7748d740c6170", [:mix], [{:bunt, "~> 0.1.6", [hex: :bunt, repo: "hexpm", optional: false]}], "hexpm", "b9caac82546bdc1509671a3792921d97d3c40d389ed2603e810bc7260feee5b9"},
  "db_connection": {:hex, :db_connection, "1.1.3", "89b30ca1ef0a3b469b1c779579590688561d586694a3ce8792985d4d7e575a61", [:mix], [{:connection, "~> 1.0.2", [hex: :connection, repo: "hexpm", optional: false]}, {:poolboy, "~> 1.5", [hex: :poolboy, repo: "hexpm", optional: true]}, {:sbroker, "~> 1.0", [hex: :sbroker, repo: "hexpm", optional: true]}], "hexpm", "5f0a16a58312a610d5eb0b07506280c65f5137868ad479045f2a2dc4ced80550"},
  "decimal": {:hex, :decimal, "1.9.0", "83e8daf59631d632b171faabafb4a9f4242c514b0a06ba3df493951c08f64d07", [:mix], [], "hexpm", "b1f2343568eed6928f3e751cf2dffde95bfaa19dd95d09e8a9ea92ccfd6f7d85"},
  "dialyxir": {:hex, :dialyxir, "0.3.5", "eaba092549e044c76f83165978979f60110dc58dd5b92fd952bf2312f64e9b14", [:mix], [], "hexpm", "61e0fb45140079a2d40b4db617b3431dc9bb29dca7e5039d271eeaca733ed0c3"},
  "ecto": {:hex, :ecto, "2.0.4", "03fd3b9aa508b1383eb38c00ac389953ed22af53811aa2e504975a3e814a8d97", [:mix], [{:db_connection, "~> 1.0-rc.2", [hex: :db_connection, repo: "hexpm", optional: true]}, {:decimal, "~> 1.0", [hex: :decimal, repo: "hexpm", optional: false]}, {:mariaex, "~> 0.7.7", [hex: :mariaex, repo: "hexpm", optional: true]}, {:poison, "~> 1.5 or ~> 2.0", [hex: :poison, repo: "hexpm", optional: true]}, {:poolboy, "~> 1.5", [hex: :poolboy, repo: "hexpm", optional: false]}, {:postgrex, "~> 0.11.2", [hex: :postgrex, repo: "hexpm", optional: true]}, {:sbroker, "~> 1.0-beta", [hex: :sbroker, repo: "hexpm", optional: true]}], "hexpm", "93a2b131d1ef99d66987c5d60e6aa4d16319a2154b04aca07223ee3674abc104"},
  "fs": {:hex, :fs, "0.9.2", "ed17036c26c3f70ac49781ed9220a50c36775c6ca2cf8182d123b6566e49ec59", [:rebar], [], "hexpm", "9a00246e8af58cdf465ae7c48fd6fd7ba2e43300413dfcc25447ecd3bf76f0c1"},
  "gen_smtp": {:hex, :gen_smtp, "0.11.0", "d90ff2f021fc86cb2a4259b1f2b177ab6e506676265e26454bf5755855adc956", [:rebar3], [], "hexpm", "91df291503e0c0d3d5ddb00ed85f3d8da521a9a0936d141f647bb752f0295f02"},
  "gettext": {:hex, :gettext, "0.11.0", "80c1dd42d270482418fa158ec5ba073d2980e3718bacad86f3d4ad71d5667679", [:mix], [], "hexpm", "9688cb656d6bc13d174051256784066dde15c4ddae1f0335590a62952780b58b"},
  "hackney": {:hex, :hackney, "1.6.1", "ddd22d42db2b50e6a155439c8811b8f6df61a4395de10509714ad2751c6da817", [:rebar3], [{:certifi, "0.4.0", [hex: :certifi, repo: "hexpm", optional: false]}, {:idna, "1.2.0", [hex: :idna, repo: "hexpm", optional: false]}, {:metrics, "1.0.1", [hex: :metrics, repo: "hexpm", optional: false]}, {:mimerl, "1.0.2", [hex: :mimerl, repo: "hexpm", optional: false]}, {:ssl_verify_fun, "1.1.0", [hex: :ssl_verify_fun, repo: "hexpm", optional: false]}], "hexpm", "bf0cf3f8a4bb588b14d20613a888c786655b2eb20255e328dd33f129b2d5b184"},
  "httpoison": {:hex, :httpoison, "0.9.0", "68187a2daddfabbe7ca8f7d75ef227f89f0e1507f7eecb67e4536b3c516faddb", [:mix], [{:hackney, "~> 1.6.0", [hex: :hackney, repo: "hexpm", optional: false]}], "hexpm", "7bb4c2b8bdf434cc9b90f34aefba4fd4ef2ea3bb55df483e05052674937a2888"},
  "idna": {:hex, :idna, "1.2.0", "ac62ee99da068f43c50dc69acf700e03a62a348360126260e87f2b54eced86b2", [:rebar3], [], "hexpm", "1d724cdafb66397e61774ead242c9b725de7033cde8ea98fa4a91e64ac5ef5b3"},
  "mailgun": {:hex, :mailgun, "0.1.2", "37c1306675cf27a66a13dea3c9d479da2a990f0aed296b5addbd0b07529b667d", [:mix], [{:poison, "~> 1.4", [hex: :poison, repo: "hexpm", optional: false]}], "hexpm", "9cc828e06238045c92414db8f2e9a64a6004aca9b9a4856e5222db99bd8528e8"},
  "metrics": {:hex, :metrics, "1.0.1", "25f094dea2cda98213cecc3aeff09e940299d950904393b2a29d191c346a8486", [:rebar3], [], "hexpm", "69b09adddc4f74a40716ae54d140f93beb0fb8978d8636eaded0c31b6f099f16"},
  "mime": {:hex, :mime, "1.0.1", "05c393850524767d13a53627df71beeebb016205eb43bfbd92d14d24ec7a1b51", [:mix], [], "hexpm", "8aad5eef6d9d20899918868b10e79fc2dafe72a79102882c2947999c10b30cd9"},
  "mimerl": {:hex, :mimerl, "1.0.2", "993f9b0e084083405ed8252b99460c4f0563e41729ab42d9074fd5e52439be88", [:rebar3], [], "hexpm", "7a4c8e1115a2732a67d7624e28cf6c9f30c66711a9e92928e745c255887ba465"},
  "phoenix": {:hex, :phoenix, "1.2.1", "6dc592249ab73c67575769765b66ad164ad25d83defa3492dc6ae269bd2a68ab", [:mix], [{:cowboy, "~> 1.0", [hex: :cowboy, repo: "hexpm", optional: true]}, {:phoenix_pubsub, "~> 1.0", [hex: :phoenix_pubsub, repo: "hexpm", optional: false]}, {:plug, "~> 1.1", [hex: :plug, repo: "hexpm", optional: false]}, {:poison, "~> 1.5 or ~> 2.0", [hex: :poison, repo: "hexpm", optional: false]}], "hexpm", "3bdd0166c46035e90ab2fce314f7b46e937a940efacbf71d973c54af9c891f38"},
  "phoenix_ecto": {:hex, :phoenix_ecto, "3.0.1", "42eb486ef732cf209d0a353e791806721f33ff40beab0a86f02070a5649ed00a", [:mix], [{:ecto, "~> 2.0", [hex: :ecto, repo: "hexpm", optional: false]}, {:phoenix_html, "~> 2.6", [hex: :phoenix_html, repo: "hexpm", optional: true]}, {:plug, "~> 1.0", [hex: :plug, repo: "hexpm", optional: false]}], "hexpm", "396282c2d8a68cf1a18e8da4c2a4b93103442308b358b14a6a2a47779f83c434"},
  "phoenix_html": {:hex, :phoenix_html, "2.6.2", "944a5e581b0d899e4f4c838a69503ebd05300fe35ba228a74439e6253e10e0c0", [:mix], [{:plug, "~> 1.0", [hex: :plug, repo: "hexpm", optional: false]}], "hexpm", "697b31db7f85c648e7d554805d684272145835709a2dfa87e3a10a5fafd3322c"},
  "phoenix_live_reload": {:hex, :phoenix_live_reload, "1.0.5", "829218c4152ba1e9848e2bf8e161fcde6b4ec679a516259442561d21fde68d0b", [:mix], [{:fs, "~> 0.9.1", [hex: :fs, repo: "hexpm", optional: false]}, {:phoenix, "~> 1.0 or ~> 1.2-rc", [hex: :phoenix, repo: "hexpm", optional: false]}], "hexpm", "e166173ec8dde278d4f8ec41979bb107c409e44ce8bc2cb6f25a8d9496bba4bb"},
  "phoenix_mtm": {:hex, :phoenix_mtm, "0.2.0", "cf3af0220fe776b0004fcc6da6adc7ac80e22882d457afded586f569095d93dc", [:mix], [{:ecto, "~> 2.0.0-rc", [hex: :ecto, repo: "hexpm", optional: false]}, {:phoenix_html, "~> 2.0", [hex: :phoenix_html, repo: "hexpm", optional: false]}], "hexpm", "ca2c19f2c9a7a4c380e0a57e754ac260f00c145904c41b4b301ae197aa862c1f"},
  "phoenix_pubsub": {:hex, :phoenix_pubsub, "1.0.0", "c31af4be22afeeebfaf246592778c8c840e5a1ddc7ca87610c41ccfb160c2c57", [:mix], [], "hexpm", "872ce07bec3f15f15c4da6a605aa66aceffbbab15649ac2469d371cc72c8ef15"},
  "phoenix_swoosh": {:hex, :phoenix_swoosh, "0.1.3", "f1ad7e7167355bd287d1490858bc73b66ed5961777cd112943f0b2ffacae4a23", [:mix], [{:phoenix, "~> 1.0", [hex: :phoenix, repo: "hexpm", optional: false]}, {:phoenix_html, "~> 2.2", [hex: :phoenix_html, repo: "hexpm", optional: false]}, {:swoosh, "~> 0.1", [hex: :swoosh, repo: "hexpm", optional: false]}], "hexpm", "926439bb0242175cd5a52b2ffe73815886a23e9bdd4e4c980d2c87153c496f76"},
  "phoenix_timex": {:hex, :phoenix_timex, "1.0.1", "879617f2acd3876c5c43599fcd9a57821f42b30b88e34089f38ac5d7cb02841e", [:mix], [{:phoenix_html, "~> 2.5", [hex: :phoenix_html, repo: "hexpm", optional: false]}, {:timex, "~> 2.1", [hex: :timex, repo: "hexpm", optional: false]}], "hexpm", "b184c6b71e7f9e588b4cccfc665b2efe27857a1b4c21b4fed5c65b200d9e55a4"},
  "plug": {:hex, :plug, "1.2.0", "496bef96634a49d7803ab2671482f0c5ce9ce0b7b9bc25bc0ae8e09859dd2004", [:mix], [{:cowboy, "~> 1.0", [hex: :cowboy, repo: "hexpm", optional: true]}, {:mime, "~> 1.0", [hex: :mime, repo: "hexpm", optional: false]}], "hexpm", "2788381ac3aa424a6dbf308aad08a1ebdefdcaad4fc8d21be56817d23a923ace"},
  "poison": {:hex, :poison, "2.2.0", "4763b69a8a77bd77d26f477d196428b741261a761257ff1cf92753a0d4d24a63", [:mix], [], "hexpm", "519bc209e4433961284174c497c8524c001e285b79bdf80212b47a1f898084cc"},
  "poolboy": {:hex, :poolboy, "1.5.2", "392b007a1693a64540cead79830443abf5762f5d30cf50bc95cb2c1aaafa006b", [:rebar3], [], "hexpm", "dad79704ce5440f3d5a3681c8590b9dc25d1a561e8f5a9c995281012860901e3"},
  "postgrex": {:hex, :postgrex, "0.11.2", "139755c1359d3c5c6d6e8b1ea72556d39e2746f61c6ddfb442813c91f53487e8", [:mix], [{:connection, "~> 1.0", [hex: :connection, repo: "hexpm", optional: false]}, {:db_connection, "~> 1.0-rc", [hex: :db_connection, repo: "hexpm", optional: false]}, {:decimal, "~> 1.0", [hex: :decimal, repo: "hexpm", optional: false]}], "hexpm", "3c24cb3cca8e0a73d8f56b7b1db161a94a460891f451247581cdff1e425316ef"},
  "ranch": {:hex, :ranch, "1.2.1", "a6fb992c10f2187b46ffd17ce398ddf8a54f691b81768f9ef5f461ea7e28c762", [:make], [], "hexpm", "f602d057615ce737945c239e9c8155d3f5300fc5b1255abf81f2a9d0d08e5b04"},
  "ssl_verify_fun": {:hex, :ssl_verify_fun, "1.1.0", "edee20847c42e379bf91261db474ffbe373f8acb56e9079acb6038d4e0bf414f", [:make, :rebar], [], "hexpm", "6c0e0d857fdb031ba67b0a791202bee116bea2313db7b649839000847591ba1e"},
  "swoosh": {:hex, :swoosh, "0.4.0", "2e1c90ba80146b4ce79923e7467c0ebf10dc6cf8933f98161fa12dd5ce848928", [:mix], [{:cowboy, "~> 1.0.0", [hex: :cowboy, repo: "hexpm", optional: true]}, {:gen_smtp, "~> 0.11", [hex: :gen_smtp, repo: "hexpm", optional: false]}, {:httpoison, "~> 0.8", [hex: :httpoison, repo: "hexpm", optional: false]}, {:plug, "~> 1.1", [hex: :plug, repo: "hexpm", optional: true]}, {:poison, "~> 1.5 or ~> 2.0", [hex: :poison, repo: "hexpm", optional: false]}], "hexpm", "cbf97b028490bb91612d8628a3670d7a5ed95af0630f1b6aa47559cc3752ed10"},
  "timex": {:hex, :timex, "2.2.1", "0d69012a7fd69f4cbdaa00cc5f2a5f30f1bed56072fb362ed4bddf60db343022", [:mix], [{:combine, "~> 0.7", [hex: :combine, repo: "hexpm", optional: false]}, {:gettext, "~> 0.10", [hex: :gettext, repo: "hexpm", optional: false]}, {:tzdata, "~> 0.1.8 or ~> 0.5", [hex: :tzdata, repo: "hexpm", optional: false]}], "hexpm", "b155b4164e1519c4338c16518d5ea6ff8784d03bc9bee6d1db6a017225cd0981"},
  "timex_ecto": {:hex, :timex_ecto, "1.1.3", "7a53a0781db7b15de604ffe244c7ed5347bdbf6ce045f6a8fc492f4994a1e32b", [:mix], [{:ecto, "~> 1.1 or ~> 2.0 or ~> 2.0.0-rc3", [hex: :ecto, repo: "hexpm", optional: false]}, {:timex, "~> 2.1", [hex: :timex, repo: "hexpm", optional: false]}], "hexpm", "024314582daa4964e7be05f009ea730cf7399f4007af71abf09fff9c0a8ebb49"},
  "tzdata": {:hex, :tzdata, "0.5.9", "575be217b039057a47e133b72838cbe104fb5329b19906ea4e66857001c37edb", [:mix], [{:hackney, "~> 1.0", [hex: :hackney, repo: "hexpm", optional: false]}], "hexpm", "b7839006df81084a522124dc1f7cb78f6727abe90a3251fe4fcdf04bf8096185"},
  "uuid": {:hex, :uuid, "1.1.4", "36c7734e4c8e357f2f67ba57fb61799d60c20a7f817b104896cca64b857e3686", [:mix], [], "hexpm", "55ceed2fe12062e3e0bf19baa118d0ac64eb6edd79f242aaaf090236f09965f0"},
}
